// !$*UTF8*$!
{
	archiveVersion = 1;
	classes = {
	};
	objectVersion = 50;
	objects = {

/* Begin PBXBuildFile section */
		DD001351253E276D0071FC2E /* AppDelegate.swift in Sources */ = {isa = PBXBuildFile; fileRef = DD001350253E276D0071FC2E /* AppDelegate.swift */; };
		DD001353253E276D0071FC2E /* SceneDelegate.swift in Sources */ = {isa = PBXBuildFile; fileRef = DD001352253E276D0071FC2E /* SceneDelegate.swift */; };
		DD001355253E276D0071FC2E /* ViewController.swift in Sources */ = {isa = PBXBuildFile; fileRef = DD001354253E276D0071FC2E /* ViewController.swift */; };
		DD001358253E276D0071FC2E /* Main.storyboard in Resources */ = {isa = PBXBuildFile; fileRef = DD001356253E276D0071FC2E /* Main.storyboard */; };
		DD00135B253E276D0071FC2E /* Persistency.xcdatamodeld in Sources */ = {isa = PBXBuildFile; fileRef = DD001359253E276D0071FC2E /* Persistency.xcdatamodeld */; };
		DD00135D253E27700071FC2E /* Assets.xcassets in Resources */ = {isa = PBXBuildFile; fileRef = DD00135C253E27700071FC2E /* Assets.xcassets */; };
		DD001360253E27700071FC2E /* LaunchScreen.storyboard in Resources */ = {isa = PBXBuildFile; fileRef = DD00135E253E27700071FC2E /* LaunchScreen.storyboard */; };
		DD00136B253E27700071FC2E /* PersistencyTests.swift in Sources */ = {isa = PBXBuildFile; fileRef = DD00136A253E27700071FC2E /* PersistencyTests.swift */; };
		DD001376253E27700071FC2E /* PersistencyUITests.swift in Sources */ = {isa = PBXBuildFile; fileRef = DD001375253E27700071FC2E /* PersistencyUITests.swift */; };
		DD001387253E2E4B0071FC2E /* MasterViewController.swift in Sources */ = {isa = PBXBuildFile; fileRef = DD001386253E2E4B0071FC2E /* MasterViewController.swift */; };
		DD00138C253E30BB0071FC2E /* DetailViewController.swift in Sources */ = {isa = PBXBuildFile; fileRef = DD00138B253E30BB0071FC2E /* DetailViewController.swift */; };
		DD001391253E30E60071FC2E /* EditViewController.swift in Sources */ = {isa = PBXBuildFile; fileRef = DD001390253E30E60071FC2E /* EditViewController.swift */; };
/* End PBXBuildFile section */

/* Begin PBXContainerItemProxy section */
		DD001367253E27700071FC2E /* PBXContainerItemProxy */ = {
			isa = PBXContainerItemProxy;
			containerPortal = DD001345253E276C0071FC2E /* Project object */;
			proxyType = 1;
			remoteGlobalIDString = DD00134C253E276D0071FC2E;
			remoteInfo = Persistency;
		};
		DD001372253E27700071FC2E /* PBXContainerItemProxy */ = {
			isa = PBXContainerItemProxy;
			containerPortal = DD001345253E276C0071FC2E /* Project object */;
			proxyType = 1;
			remoteGlobalIDString = DD00134C253E276D0071FC2E;
			remoteInfo = Persistency;
		};
/* End PBXContainerItemProxy section */

/* Begin PBXFileReference section */
		DD00134D253E276D0071FC2E /* Persistency.app */ = {isa = PBXFileReference; explicitFileType = wrapper.application; includeInIndex = 0; path = Persistency.app; sourceTree = BUILT_PRODUCTS_DIR; };
		DD001350253E276D0071FC2E /* AppDelegate.swift */ = {isa = PBXFileReference; lastKnownFileType = sourcecode.swift; path = AppDelegate.swift; sourceTree = "<group>"; };
		DD001352253E276D0071FC2E /* SceneDelegate.swift */ = {isa = PBXFileReference; lastKnownFileType = sourcecode.swift; path = SceneDelegate.swift; sourceTree = "<group>"; };
		DD001354253E276D0071FC2E /* ViewController.swift */ = {isa = PBXFileReference; lastKnownFileType = sourcecode.swift; path = ViewController.swift; sourceTree = "<group>"; };
		DD001357253E276D0071FC2E /* Base */ = {isa = PBXFileReference; lastKnownFileType = file.storyboard; name = Base; path = Base.lproj/Main.storyboard; sourceTree = "<group>"; };
		DD00135A253E276D0071FC2E /* Persistency.xcdatamodel */ = {isa = PBXFileReference; lastKnownFileType = wrapper.xcdatamodel; path = Persistency.xcdatamodel; sourceTree = "<group>"; };
		DD00135C253E27700071FC2E /* Assets.xcassets */ = {isa = PBXFileReference; lastKnownFileType = folder.assetcatalog; path = Assets.xcassets; sourceTree = "<group>"; };
		DD00135F253E27700071FC2E /* Base */ = {isa = PBXFileReference; lastKnownFileType = file.storyboard; name = Base; path = Base.lproj/LaunchScreen.storyboard; sourceTree = "<group>"; };
		DD001361253E27700071FC2E /* Info.plist */ = {isa = PBXFileReference; lastKnownFileType = text.plist.xml; path = Info.plist; sourceTree = "<group>"; };
		DD001366253E27700071FC2E /* PersistencyTests.xctest */ = {isa = PBXFileReference; explicitFileType = wrapper.cfbundle; includeInIndex = 0; path = PersistencyTests.xctest; sourceTree = BUILT_PRODUCTS_DIR; };
		DD00136A253E27700071FC2E /* PersistencyTests.swift */ = {isa = PBXFileReference; lastKnownFileType = sourcecode.swift; path = PersistencyTests.swift; sourceTree = "<group>"; };
		DD00136C253E27700071FC2E /* Info.plist */ = {isa = PBXFileReference; lastKnownFileType = text.plist.xml; path = Info.plist; sourceTree = "<group>"; };
		DD001371253E27700071FC2E /* PersistencyUITests.xctest */ = {isa = PBXFileReference; explicitFileType = wrapper.cfbundle; includeInIndex = 0; path = PersistencyUITests.xctest; sourceTree = BUILT_PRODUCTS_DIR; };
		DD001375253E27700071FC2E /* PersistencyUITests.swift */ = {isa = PBXFileReference; lastKnownFileType = sourcecode.swift; path = PersistencyUITests.swift; sourceTree = "<group>"; };
		DD001377253E27700071FC2E /* Info.plist */ = {isa = PBXFileReference; lastKnownFileType = text.plist.xml; path = Info.plist; sourceTree = "<group>"; };
		DD001386253E2E4B0071FC2E /* MasterViewController.swift */ = {isa = PBXFileReference; lastKnownFileType = sourcecode.swift; path = MasterViewController.swift; sourceTree = "<group>"; };
		DD00138B253E30BB0071FC2E /* DetailViewController.swift */ = {isa = PBXFileReference; lastKnownFileType = sourcecode.swift; path = DetailViewController.swift; sourceTree = "<group>"; };
		DD001390253E30E60071FC2E /* EditViewController.swift */ = {isa = PBXFileReference; lastKnownFileType = sourcecode.swift; path = EditViewController.swift; sourceTree = "<group>"; };
/* End PBXFileReference section */

/* Begin PBXFrameworksBuildPhase section */
		DD00134A253E276D0071FC2E /* Frameworks */ = {
			isa = PBXFrameworksBuildPhase;
			buildActionMask = 2147483647;
			files = (
			);
			runOnlyForDeploymentPostprocessing = 0;
		};
		DD001363253E27700071FC2E /* Frameworks */ = {
			isa = PBXFrameworksBuildPhase;
			buildActionMask = 2147483647;
			files = (
			);
			runOnlyForDeploymentPostprocessing = 0;
		};
		DD00136E253E27700071FC2E /* Frameworks */ = {
			isa = PBXFrameworksBuildPhase;
			buildActionMask = 2147483647;
			files = (
			);
			runOnlyForDeploymentPostprocessing = 0;
		};
/* End PBXFrameworksBuildPhase section */

/* Begin PBXGroup section */
		DD001344253E276C0071FC2E = {
			isa = PBXGroup;
			children = (
				DD00134F253E276D0071FC2E /* Persistency */,
				DD001369253E27700071FC2E /* PersistencyTests */,
				DD001374253E27700071FC2E /* PersistencyUITests */,
				DD00134E253E276D0071FC2E /* Products */,
			);
			sourceTree = "<group>";
		};
		DD00134E253E276D0071FC2E /* Products */ = {
			isa = PBXGroup;
			children = (
				DD00134D253E276D0071FC2E /* Persistency.app */,
				DD001366253E27700071FC2E /* PersistencyTests.xctest */,
				DD001371253E27700071FC2E /* PersistencyUITests.xctest */,
			);
			name = Products;
			sourceTree = "<group>";
		};
		DD00134F253E276D0071FC2E /* Persistency */ = {
			isa = PBXGroup;
			children = (
				DD001350253E276D0071FC2E /* AppDelegate.swift */,
				DD001352253E276D0071FC2E /* SceneDelegate.swift */,
				DD001354253E276D0071FC2E /* ViewController.swift */,
				DD001356253E276D0071FC2E /* Main.storyboard */,
				DD001390253E30E60071FC2E /* EditViewController.swift */,
				DD00135C253E27700071FC2E /* Assets.xcassets */,
				DD00135E253E27700071FC2E /* LaunchScreen.storyboard */,
				DD001361253E27700071FC2E /* Info.plist */,
				DD001359253E276D0071FC2E /* Persistency.xcdatamodeld */,
				DD001386253E2E4B0071FC2E /* MasterViewController.swift */,
				DD00138B253E30BB0071FC2E /* DetailViewController.swift */,
			);
			path = Persistency;
			sourceTree = "<group>";
		};
		DD001369253E27700071FC2E /* PersistencyTests */ = {
			isa = PBXGroup;
			children = (
				DD00136A253E27700071FC2E /* PersistencyTests.swift */,
				DD00136C253E27700071FC2E /* Info.plist */,
			);
			path = PersistencyTests;
			sourceTree = "<group>";
		};
		DD001374253E27700071FC2E /* PersistencyUITests */ = {
			isa = PBXGroup;
			children = (
				DD001375253E27700071FC2E /* PersistencyUITests.swift */,
				DD001377253E27700071FC2E /* Info.plist */,
			);
			path = PersistencyUITests;
			sourceTree = "<group>";
		};
/* End PBXGroup section */

/* Begin PBXNativeTarget section */
		DD00134C253E276D0071FC2E /* Persistency */ = {
			isa = PBXNativeTarget;
			buildConfigurationList = DD00137A253E27700071FC2E /* Build configuration list for PBXNativeTarget "Persistency" */;
			buildPhases = (
				DD001349253E276D0071FC2E /* Sources */,
				DD00134A253E276D0071FC2E /* Frameworks */,
				DD00134B253E276D0071FC2E /* Resources */,
			);
			buildRules = (
			);
			dependencies = (
			);
			name = Persistency;
			productName = Persistency;
			productReference = DD00134D253E276D0071FC2E /* Persistency.app */;
			productType = "com.apple.product-type.application";
		};
		DD001365253E27700071FC2E /* PersistencyTests */ = {
			isa = PBXNativeTarget;
			buildConfigurationList = DD00137D253E27700071FC2E /* Build configuration list for PBXNativeTarget "PersistencyTests" */;
			buildPhases = (
				DD001362253E27700071FC2E /* Sources */,
				DD001363253E27700071FC2E /* Frameworks */,
				DD001364253E27700071FC2E /* Resources */,
			);
			buildRules = (
			);
			dependencies = (
				DD001368253E27700071FC2E /* PBXTargetDependency */,
			);
			name = PersistencyTests;
			productName = PersistencyTests;
			productReference = DD001366253E27700071FC2E /* PersistencyTests.xctest */;
			productType = "com.apple.product-type.bundle.unit-test";
		};
		DD001370253E27700071FC2E /* PersistencyUITests */ = {
			isa = PBXNativeTarget;
			buildConfigurationList = DD001380253E27700071FC2E /* Build configuration list for PBXNativeTarget "PersistencyUITests" */;
			buildPhases = (
				DD00136D253E27700071FC2E /* Sources */,
				DD00136E253E27700071FC2E /* Frameworks */,
				DD00136F253E27700071FC2E /* Resources */,
			);
			buildRules = (
			);
			dependencies = (
				DD001373253E27700071FC2E /* PBXTargetDependency */,
			);
			name = PersistencyUITests;
			productName = PersistencyUITests;
			productReference = DD001371253E27700071FC2E /* PersistencyUITests.xctest */;
			productType = "com.apple.product-type.bundle.ui-testing";
		};
/* End PBXNativeTarget section */

/* Begin PBXProject section */
		DD001345253E276C0071FC2E /* Project object */ = {
			isa = PBXProject;
			attributes = {
				LastSwiftUpdateCheck = 1200;
				LastUpgradeCheck = 1200;
				TargetAttributes = {
					DD00134C253E276D0071FC2E = {
						CreatedOnToolsVersion = 12.0.1;
					};
					DD001365253E27700071FC2E = {
						CreatedOnToolsVersion = 12.0.1;
						TestTargetID = DD00134C253E276D0071FC2E;
					};
					DD001370253E27700071FC2E = {
						CreatedOnToolsVersion = 12.0.1;
						TestTargetID = DD00134C253E276D0071FC2E;
					};
				};
			};
			buildConfigurationList = DD001348253E276C0071FC2E /* Build configuration list for PBXProject "Persistency" */;
			compatibilityVersion = "Xcode 9.3";
			developmentRegion = en;
			hasScannedForEncodings = 0;
			knownRegions = (
				en,
				Base,
			);
			mainGroup = DD001344253E276C0071FC2E;
			productRefGroup = DD00134E253E276D0071FC2E /* Products */;
			projectDirPath = "";
			projectRoot = "";
			targets = (
				DD00134C253E276D0071FC2E /* Persistency */,
				DD001365253E27700071FC2E /* PersistencyTests */,
				DD001370253E27700071FC2E /* PersistencyUITests */,
			);
		};
/* End PBXProject section */

/* Begin PBXResourcesBuildPhase section */
		DD00134B253E276D0071FC2E /* Resources */ = {
			isa = PBXResourcesBuildPhase;
			buildActionMask = 2147483647;
			files = (
				DD001360253E27700071FC2E /* LaunchScreen.storyboard in Resources */,
				DD00135D253E27700071FC2E /* Assets.xcassets in Resources */,
				DD001358253E276D0071FC2E /* Main.storyboard in Resources */,
			);
			runOnlyForDeploymentPostprocessing = 0;
		};
		DD001364253E27700071FC2E /* Resources */ = {
			isa = PBXResourcesBuildPhase;
			buildActionMask = 2147483647;
			files = (
			);
			runOnlyForDeploymentPostprocessing = 0;
		};
		DD00136F253E27700071FC2E /* Resources */ = {
			isa = PBXResourcesBuildPhase;
			buildActionMask = 2147483647;
			files = (
			);
			runOnlyForDeploymentPostprocessing = 0;
		};
/* End PBXResourcesBuildPhase section */

/* Begin PBXSourcesBuildPhase section */
		DD001349253E276D0071FC2E /* Sources */ = {
			isa = PBXSourcesBuildPhase;
			buildActionMask = 2147483647;
			files = (
				DD001387253E2E4B0071FC2E /* MasterViewController.swift in Sources */,
				DD001355253E276D0071FC2E /* ViewController.swift in Sources */,
				DD00135B253E276D0071FC2E /* Persistency.xcdatamodeld in Sources */,
				DD00138C253E30BB0071FC2E /* DetailViewController.swift in Sources */,
				DD001351253E276D0071FC2E /* AppDelegate.swift in Sources */,
				DD001353253E276D0071FC2E /* SceneDelegate.swift in Sources */,
				DD001391253E30E60071FC2E /* EditViewController.swift in Sources */,
			);
			runOnlyForDeploymentPostprocessing = 0;
		};
		DD001362253E27700071FC2E /* Sources */ = {
			isa = PBXSourcesBuildPhase;
			buildActionMask = 2147483647;
			files = (
				DD00136B253E27700071FC2E /* PersistencyTests.swift in Sources */,
			);
			runOnlyForDeploymentPostprocessing = 0;
		};
		DD00136D253E27700071FC2E /* Sources */ = {
			isa = PBXSourcesBuildPhase;
			buildActionMask = 2147483647;
			files = (
				DD001376253E27700071FC2E /* PersistencyUITests.swift in Sources */,
			);
			runOnlyForDeploymentPostprocessing = 0;
		};
/* End PBXSourcesBuildPhase section */

/* Begin PBXTargetDependency section */
		DD001368253E27700071FC2E /* PBXTargetDependency */ = {
			isa = PBXTargetDependency;
			target = DD00134C253E276D0071FC2E /* Persistency */;
			targetProxy = DD001367253E27700071FC2E /* PBXContainerItemProxy */;
		};
		DD001373253E27700071FC2E /* PBXTargetDependency */ = {
			isa = PBXTargetDependency;
			target = DD00134C253E276D0071FC2E /* Persistency */;
			targetProxy = DD001372253E27700071FC2E /* PBXContainerItemProxy */;
		};
/* End PBXTargetDependency section */

/* Begin PBXVariantGroup section */
		DD001356253E276D0071FC2E /* Main.storyboard */ = {
			isa = PBXVariantGroup;
			children = (
				DD001357253E276D0071FC2E /* Base */,
			);
			name = Main.storyboard;
			sourceTree = "<group>";
		};
		DD00135E253E27700071FC2E /* LaunchScreen.storyboard */ = {
			isa = PBXVariantGroup;
			children = (
				DD00135F253E27700071FC2E /* Base */,
			);
			name = LaunchScreen.storyboard;
			sourceTree = "<group>";
		};
/* End PBXVariantGroup section */

/* Begin XCBuildConfiguration section */
		DD001378253E27700071FC2E /* Debug */ = {
			isa = XCBuildConfiguration;
			buildSettings = {
				ALWAYS_SEARCH_USER_PATHS = NO;
				CLANG_ANALYZER_NONNULL = YES;
				CLANG_ANALYZER_NUMBER_OBJECT_CONVERSION = YES_AGGRESSIVE;
				CLANG_CXX_LANGUAGE_STANDARD = "gnu++14";
				CLANG_CXX_LIBRARY = "libc++";
				CLANG_ENABLE_MODULES = YES;
				CLANG_ENABLE_OBJC_ARC = YES;
				CLANG_ENABLE_OBJC_WEAK = YES;
				CLANG_WARN_BLOCK_CAPTURE_AUTORELEASING = YES;
				CLANG_WARN_BOOL_CONVERSION = YES;
				CLANG_WARN_COMMA = YES;
				CLANG_WARN_CONSTANT_CONVERSION = YES;
				CLANG_WARN_DEPRECATED_OBJC_IMPLEMENTATIONS = YES;
				CLANG_WARN_DIRECT_OBJC_ISA_USAGE = YES_ERROR;
				CLANG_WARN_DOCUMENTATION_COMMENTS = YES;
				CLANG_WARN_EMPTY_BODY = YES;
				CLANG_WARN_ENUM_CONVERSION = YES;
				CLANG_WARN_INFINITE_RECURSION = YES;
				CLANG_WARN_INT_CONVERSION = YES;
				CLANG_WARN_NON_LITERAL_NULL_CONVERSION = YES;
				CLANG_WARN_OBJC_IMPLICIT_RETAIN_SELF = YES;
				CLANG_WARN_OBJC_LITERAL_CONVERSION = YES;
				CLANG_WARN_OBJC_ROOT_CLASS = YES_ERROR;
				CLANG_WARN_QUOTED_INCLUDE_IN_FRAMEWORK_HEADER = YES;
				CLANG_WARN_RANGE_LOOP_ANALYSIS = YES;
				CLANG_WARN_STRICT_PROTOTYPES = YES;
				CLANG_WARN_SUSPICIOUS_MOVE = YES;
				CLANG_WARN_UNGUARDED_AVAILABILITY = YES_AGGRESSIVE;
				CLANG_WARN_UNREACHABLE_CODE = YES;
				CLANG_WARN__DUPLICATE_METHOD_MATCH = YES;
				COPY_PHASE_STRIP = NO;
				DEBUG_INFORMATION_FORMAT = dwarf;
				ENABLE_STRICT_OBJC_MSGSEND = YES;
				ENABLE_TESTABILITY = YES;
				GCC_C_LANGUAGE_STANDARD = gnu11;
				GCC_DYNAMIC_NO_PIC = NO;
				GCC_NO_COMMON_BLOCKS = YES;
				GCC_OPTIMIZATION_LEVEL = 0;
				GCC_PREPROCESSOR_DEFINITIONS = (
					"DEBUG=1",
					"$(inherited)",
				);
				GCC_WARN_64_TO_32_BIT_CONVERSION = YES;
				GCC_WARN_ABOUT_RETURN_TYPE = YES_ERROR;
				GCC_WARN_UNDECLARED_SELECTOR = YES;
				GCC_WARN_UNINITIALIZED_AUTOS = YES_AGGRESSIVE;
				GCC_WARN_UNUSED_FUNCTION = YES;
				GCC_WARN_UNUSED_VARIABLE = YES;
				IPHONEOS_DEPLOYMENT_TARGET = 14.0;
				MTL_ENABLE_DEBUG_INFO = INCLUDE_SOURCE;
				MTL_FAST_MATH = YES;
				ONLY_ACTIVE_ARCH = YES;
				SDKROOT = iphoneos;
				SWIFT_ACTIVE_COMPILATION_CONDITIONS = DEBUG;
				SWIFT_OPTIMIZATION_LEVEL = "-Onone";
			};
			name = Debug;
		};
		DD001379253E27700071FC2E /* Release */ = {
			isa = XCBuildConfiguration;
			buildSettings = {
				ALWAYS_SEARCH_USER_PATHS = NO;
				CLANG_ANALYZER_NONNULL = YES;
				CLANG_ANALYZER_NUMBER_OBJECT_CONVERSION = YES_AGGRESSIVE;
				CLANG_CXX_LANGUAGE_STANDARD = "gnu++14";
				CLANG_CXX_LIBRARY = "libc++";
				CLANG_ENABLE_MODULES = YES;
				CLANG_ENABLE_OBJC_ARC = YES;
				CLANG_ENABLE_OBJC_WEAK = YES;
				CLANG_WARN_BLOCK_CAPTURE_AUTORELEASING = YES;
				CLANG_WARN_BOOL_CONVERSION = YES;
				CLANG_WARN_COMMA = YES;
				CLANG_WARN_CONSTANT_CONVERSION = YES;
				CLANG_WARN_DEPRECATED_OBJC_IMPLEMENTATIONS = YES;
				CLANG_WARN_DIRECT_OBJC_ISA_USAGE = YES_ERROR;
				CLANG_WARN_DOCUMENTATION_COMMENTS = YES;
				CLANG_WARN_EMPTY_BODY = YES;
				CLANG_WARN_ENUM_CONVERSION = YES;
				CLANG_WARN_INFINITE_RECURSION = YES;
				CLANG_WARN_INT_CONVERSION = YES;
				CLANG_WARN_NON_LITERAL_NULL_CONVERSION = YES;
				CLANG_WARN_OBJC_IMPLICIT_RETAIN_SELF = YES;
				CLANG_WARN_OBJC_LITERAL_CONVERSION = YES;
				CLANG_WARN_OBJC_ROOT_CLASS = YES_ERROR;
				CLANG_WARN_QUOTED_INCLUDE_IN_FRAMEWORK_HEADER = YES;
				CLANG_WARN_RANGE_LOOP_ANALYSIS = YES;
				CLANG_WARN_STRICT_PROTOTYPES = YES;
				CLANG_WARN_SUSPICIOUS_MOVE = YES;
				CLANG_WARN_UNGUARDED_AVAILABILITY = YES_AGGRESSIVE;
				CLANG_WARN_UNREACHABLE_CODE = YES;
				CLANG_WARN__DUPLICATE_METHOD_MATCH = YES;
				COPY_PHASE_STRIP = NO;
				DEBUG_INFORMATION_FORMAT = "dwarf-with-dsym";
				ENABLE_NS_ASSERTIONS = NO;
				ENABLE_STRICT_OBJC_MSGSEND = YES;
				GCC_C_LANGUAGE_STANDARD = gnu11;
				GCC_NO_COMMON_BLOCKS = YES;
				GCC_WARN_64_TO_32_BIT_CONVERSION = YES;
				GCC_WARN_ABOUT_RETURN_TYPE = YES_ERROR;
				GCC_WARN_UNDECLARED_SELECTOR = YES;
				GCC_WARN_UNINITIALIZED_AUTOS = YES_AGGRESSIVE;
				GCC_WARN_UNUSED_FUNCTION = YES;
				GCC_WARN_UNUSED_VARIABLE = YES;
				IPHONEOS_DEPLOYMENT_TARGET = 14.0;
				MTL_ENABLE_DEBUG_INFO = NO;
				MTL_FAST_MATH = YES;
				SDKROOT = iphoneos;
				SWIFT_COMPILATION_MODE = wholemodule;
				SWIFT_OPTIMIZATION_LEVEL = "-O";
				VALIDATE_PRODUCT = YES;
			};
			name = Release;
		};
		DD00137B253E27700071FC2E /* Debug */ = {
			isa = XCBuildConfiguration;
			buildSettings = {
				ASSETCATALOG_COMPILER_APPICON_NAME = AppIcon;
				ASSETCATALOG_COMPILER_GLOBAL_ACCENT_COLOR_NAME = AccentColor;
				CODE_SIGN_STYLE = Automatic;
				INFOPLIST_FILE = Persistency/Info.plist;
				LD_RUNPATH_SEARCH_PATHS = (
					"$(inherited)",
					"@executable_path/Frameworks",
				);
				PRODUCT_BUNDLE_IDENTIFIER = ch.hslu.ios.Persistency;
				PRODUCT_NAME = "$(TARGET_NAME)";
				SWIFT_VERSION = 5.0;
				TARGETED_DEVICE_FAMILY = "1,2";
			};
			name = Debug;
		};
		DD00137C253E27700071FC2E /* Release */ = {
			isa = XCBuildConfiguration;
			buildSettings = {
				ASSETCATALOG_COMPILER_APPICON_NAME = AppIcon;
				ASSETCATALOG_COMPILER_GLOBAL_ACCENT_COLOR_NAME = AccentColor;
				CODE_SIGN_STYLE = Automatic;
				INFOPLIST_FILE = Persistency/Info.plist;
				LD_RUNPATH_SEARCH_PATHS = (
					"$(inherited)",
					"@executable_path/Frameworks",
				);
				PRODUCT_BUNDLE_IDENTIFIER = ch.hslu.ios.Persistency;
				PRODUCT_NAME = "$(TARGET_NAME)";
				SWIFT_VERSION = 5.0;
				TARGETED_DEVICE_FAMILY = "1,2";
			};
			name = Release;
		};
		DD00137E253E27700071FC2E /* Debug */ = {
			isa = XCBuildConfiguration;
			buildSettings = {
				ALWAYS_EMBED_SWIFT_STANDARD_LIBRARIES = YES;
				BUNDLE_LOADER = "$(TEST_HOST)";
				CODE_SIGN_STYLE = Automatic;
				INFOPLIST_FILE = PersistencyTests/Info.plist;
				IPHONEOS_DEPLOYMENT_TARGET = 14.0;
				LD_RUNPATH_SEARCH_PATHS = (
					"$(inherited)",
					"@executable_path/Frameworks",
					"@loader_path/Frameworks",
				);
				PRODUCT_BUNDLE_IDENTIFIER = ch.hslu.ios.PersistencyTests;
				PRODUCT_NAME = "$(TARGET_NAME)";
				SWIFT_VERSION = 5.0;
				TARGETED_DEVICE_FAMILY = "1,2";
				TEST_HOST = "$(BUILT_PRODUCTS_DIR)/Persistency.app/Persistency";
			};
			name = Debug;
		};
		DD00137F253E27700071FC2E /* Release */ = {
			isa = XCBuildConfiguration;
			buildSettings = {
				ALWAYS_EMBED_SWIFT_STANDARD_LIBRARIES = YES;
				BUNDLE_LOADER = "$(TEST_HOST)";
				CODE_SIGN_STYLE = Automatic;
				INFOPLIST_FILE = PersistencyTests/Info.plist;
				IPHONEOS_DEPLOYMENT_TARGET = 14.0;
				LD_RUNPATH_SEARCH_PATHS = (
					"$(inherited)",
					"@executable_path/Frameworks",
					"@loader_path/Frameworks",
				);
				PRODUCT_BUNDLE_IDENTIFIER = ch.hslu.ios.PersistencyTests;
				PRODUCT_NAME = "$(TARGET_NAME)";
				SWIFT_VERSION = 5.0;
				TARGETED_DEVICE_FAMILY = "1,2";
				TEST_HOST = "$(BUILT_PRODUCTS_DIR)/Persistency.app/Persistency";
			};
			name = Release;
		};
		DD001381253E27700071FC2E /* Debug */ = {
			isa = XCBuildConfiguration;
			buildSettings = {
				ALWAYS_EMBED_SWIFT_STANDARD_LIBRARIES = YES;
				CODE_SIGN_STYLE = Automatic;
				INFOPLIST_FILE = PersistencyUITests/Info.plist;
				LD_RUNPATH_SEARCH_PATHS = (
					"$(inherited)",
					"@executable_path/Frameworks",
					"@loader_path/Frameworks",
				);
				PRODUCT_BUNDLE_IDENTIFIER = ch.hslu.ios.PersistencyUITests;
				PRODUCT_NAME = "$(TARGET_NAME)";
				SWIFT_VERSION = 5.0;
				TARGETED_DEVICE_FAMILY = "1,2";
				TEST_TARGET_NAME = Persistency;
			};
			name = Debug;
		};
		DD001382253E27700071FC2E /* Release */ = {
			isa = XCBuildConfiguration;
			buildSettings = {
				ALWAYS_EMBED_SWIFT_STANDARD_LIBRARIES = YES;
				CODE_SIGN_STYLE = Automatic;
				INFOPLIST_FILE = PersistencyUITests/Info.plist;
				LD_RUNPATH_SEARCH_PATHS = (
					"$(inherited)",
					"@executable_path/Frameworks",
					"@loader_path/Frameworks",
				);
				PRODUCT_BUNDLE_IDENTIFIER = ch.hslu.ios.PersistencyUITests;
				PRODUCT_NAME = "$(TARGET_NAME)";
				SWIFT_VERSION = 5.0;
				TARGETED_DEVICE_FAMILY = "1,2";
				TEST_TARGET_NAME = Persistency;
			};
			name = Release;
		};
/* End XCBuildConfiguration section */

/* Begin XCConfigurationList section */
		DD001348253E276C0071FC2E /* Build configuration list for PBXProject "Persistency" */ = {
			isa = XCConfigurationList;
			buildConfigurations = (
				DD001378253E27700071FC2E /* Debug */,
				DD001379253E27700071FC2E /* Release */,
			);
			defaultConfigurationIsVisible = 0;
			defaultConfigurationName = Release;
		};
		DD00137A253E27700071FC2E /* Build configuration list for PBXNativeTarget "Persistency" */ = {
			isa = XCConfigurationList;
			buildConfigurations = (
				DD00137B253E27700071FC2E /* Debug */,
				DD00137C253E27700071FC2E /* Release */,
			);
			defaultConfigurationIsVisible = 0;
			defaultConfigurationName = Release;
		};
		DD00137D253E27700071FC2E /* Build configuration list for PBXNativeTarget "PersistencyTests" */ = {
			isa = XCConfigurationList;
			buildConfigurations = (
				DD00137E253E27700071FC2E /* Debug */,
				DD00137F253E27700071FC2E /* Release */,
			);
			defaultConfigurationIsVisible = 0;
			defaultConfigurationName = Release;
		};
		DD001380253E27700071FC2E /* Build configuration list for PBXNativeTarget "PersistencyUITests" */ = {
			isa = XCConfigurationList;
			buildConfigurations = (
				DD001381253E27700071FC2E /* Debug */,
				DD001382253E27700071FC2E /* Release */,
			);
			defaultConfigurationIsVisible = 0;
			defaultConfigurationName = Release;
		};
/* End XCConfigurationList section */

/* Begin XCVersionGroup section */
		DD001359253E276D0071FC2E /* Persistency.xcdatamodeld */ = {
			isa = XCVersionGroup;
			children = (
				DD00135A253E276D0071FC2E /* Persistency.xcdatamodel */,
			);
			currentVersion = DD00135A253E276D0071FC2E /* Persistency.xcdatamodel */;
			path = Persistency.xcdatamodeld;
			sourceTree = "<group>";
			versionGroupType = wrapper.xcdatamodel;
		};
/* End XCVersionGroup section */
	};
	rootObject = DD001345253E276C0071FC2E /* Project object */;
}
